// !$*UTF8*$!
{
	archiveVersion = 1;
	classes = {
	};
	objectVersion = 50;
	objects = {

/* Begin PBXBuildFile section */
		8E0EED7B266FF02A00E16ADD /* AppDelegate.swift in Sources */ = {isa = PBXBuildFile; fileRef = 8E0EED7A266FF02A00E16ADD /* AppDelegate.swift */; };
		8E0EED7D266FF02A00E16ADD /* SceneDelegate.swift in Sources */ = {isa = PBXBuildFile; fileRef = 8E0EED7C266FF02A00E16ADD /* SceneDelegate.swift */; };
		8E0EED7F266FF02A00E16ADD /* ViewController.swift in Sources */ = {isa = PBXBuildFile; fileRef = 8E0EED7E266FF02A00E16ADD /* ViewController.swift */; };
		8E0EED82266FF02A00E16ADD /* Main.storyboard in Resources */ = {isa = PBXBuildFile; fileRef = 8E0EED80266FF02A00E16ADD /* Main.storyboard */; };
		8E0EED84266FF02B00E16ADD /* Assets.xcassets in Resources */ = {isa = PBXBuildFile; fileRef = 8E0EED83266FF02B00E16ADD /* Assets.xcassets */; };
		8E0EED87266FF02B00E16ADD /* LaunchScreen.storyboard in Resources */ = {isa = PBXBuildFile; fileRef = 8E0EED85266FF02B00E16ADD /* LaunchScreen.storyboard */; };
		8E0EED92266FF02B00E16ADD /* dicee_appTests.swift in Sources */ = {isa = PBXBuildFile; fileRef = 8E0EED91266FF02B00E16ADD /* dicee_appTests.swift */; };
		8E0EED9D266FF02B00E16ADD /* dicee_appUITests.swift in Sources */ = {isa = PBXBuildFile; fileRef = 8E0EED9C266FF02B00E16ADD /* dicee_appUITests.swift */; };
/* End PBXBuildFile section */

/* Begin PBXContainerItemProxy section */
		8E0EED8E266FF02B00E16ADD /* PBXContainerItemProxy */ = {
			isa = PBXContainerItemProxy;
			containerPortal = 8E0EED6F266FF02A00E16ADD /* Project object */;
			proxyType = 1;
			remoteGlobalIDString = 8E0EED76266FF02A00E16ADD;
			remoteInfo = "dicee-app";
		};
		8E0EED99266FF02B00E16ADD /* PBXContainerItemProxy */ = {
			isa = PBXContainerItemProxy;
			containerPortal = 8E0EED6F266FF02A00E16ADD /* Project object */;
			proxyType = 1;
			remoteGlobalIDString = 8E0EED76266FF02A00E16ADD;
			remoteInfo = "dicee-app";
		};
/* End PBXContainerItemProxy section */

/* Begin PBXFileReference section */
		8E0EED77266FF02A00E16ADD /* dicee-app.app */ = {isa = PBXFileReference; explicitFileType = wrapper.application; includeInIndex = 0; path = "dicee-app.app"; sourceTree = BUILT_PRODUCTS_DIR; };
		8E0EED7A266FF02A00E16ADD /* AppDelegate.swift */ = {isa = PBXFileReference; lastKnownFileType = sourcecode.swift; path = AppDelegate.swift; sourceTree = "<group>"; };
		8E0EED7C266FF02A00E16ADD /* SceneDelegate.swift */ = {isa = PBXFileReference; lastKnownFileType = sourcecode.swift; path = SceneDelegate.swift; sourceTree = "<group>"; };
		8E0EED7E266FF02A00E16ADD /* ViewController.swift */ = {isa = PBXFileReference; lastKnownFileType = sourcecode.swift; path = ViewController.swift; sourceTree = "<group>"; };
		8E0EED81266FF02A00E16ADD /* Base */ = {isa = PBXFileReference; lastKnownFileType = file.storyboard; name = Base; path = Base.lproj/Main.storyboard; sourceTree = "<group>"; };
		8E0EED83266FF02B00E16ADD /* Assets.xcassets */ = {isa = PBXFileReference; lastKnownFileType = folder.assetcatalog; path = Assets.xcassets; sourceTree = "<group>"; };
		8E0EED86266FF02B00E16ADD /* Base */ = {isa = PBXFileReference; lastKnownFileType = file.storyboard; name = Base; path = Base.lproj/LaunchScreen.storyboard; sourceTree = "<group>"; };
		8E0EED88266FF02B00E16ADD /* Info.plist */ = {isa = PBXFileReference; lastKnownFileType = text.plist.xml; path = Info.plist; sourceTree = "<group>"; };
		8E0EED8D266FF02B00E16ADD /* dicee-appTests.xctest */ = {isa = PBXFileReference; explicitFileType = wrapper.cfbundle; includeInIndex = 0; path = "dicee-appTests.xctest"; sourceTree = BUILT_PRODUCTS_DIR; };
		8E0EED91266FF02B00E16ADD /* dicee_appTests.swift */ = {isa = PBXFileReference; lastKnownFileType = sourcecode.swift; path = dicee_appTests.swift; sourceTree = "<group>"; };
		8E0EED93266FF02B00E16ADD /* Info.plist */ = {isa = PBXFileReference; lastKnownFileType = text.plist.xml; path = Info.plist; sourceTree = "<group>"; };
		8E0EED98266FF02B00E16ADD /* dicee-appUITests.xctest */ = {isa = PBXFileReference; explicitFileType = wrapper.cfbundle; includeInIndex = 0; path = "dicee-appUITests.xctest"; sourceTree = BUILT_PRODUCTS_DIR; };
		8E0EED9C266FF02B00E16ADD /* dicee_appUITests.swift */ = {isa = PBXFileReference; lastKnownFileType = sourcecode.swift; path = dicee_appUITests.swift; sourceTree = "<group>"; };
		8E0EED9E266FF02B00E16ADD /* Info.plist */ = {isa = PBXFileReference; lastKnownFileType = text.plist.xml; path = Info.plist; sourceTree = "<group>"; };
/* End PBXFileReference section */

/* Begin PBXFrameworksBuildPhase section */
		8E0EED74266FF02A00E16ADD /* Frameworks */ = {
			isa = PBXFrameworksBuildPhase;
			buildActionMask = 2147483647;
			files = (
			);
			runOnlyForDeploymentPostprocessing = 0;
		};
		8E0EED8A266FF02B00E16ADD /* Frameworks */ = {
			isa = PBXFrameworksBuildPhase;
			buildActionMask = 2147483647;
			files = (
			);
			runOnlyForDeploymentPostprocessing = 0;
		};
		8E0EED95266FF02B00E16ADD /* Frameworks */ = {
			isa = PBXFrameworksBuildPhase;
			buildActionMask = 2147483647;
			files = (
			);
			runOnlyForDeploymentPostprocessing = 0;
		};
/* End PBXFrameworksBuildPhase section */

/* Begin PBXGroup section */
		8E0EED6E266FF02A00E16ADD = {
			isa = PBXGroup;
			children = (
				8E0EED79266FF02A00E16ADD /* dicee-app */,
				8E0EED90266FF02B00E16ADD /* dicee-appTests */,
				8E0EED9B266FF02B00E16ADD /* dicee-appUITests */,
				8E0EED78266FF02A00E16ADD /* Products */,
			);
			sourceTree = "<group>";
		};
		8E0EED78266FF02A00E16ADD /* Products */ = {
			isa = PBXGroup;
			children = (
				8E0EED77266FF02A00E16ADD /* dicee-app.app */,
				8E0EED8D266FF02B00E16ADD /* dicee-appTests.xctest */,
				8E0EED98266FF02B00E16ADD /* dicee-appUITests.xctest */,
			);
			name = Products;
			sourceTree = "<group>";
		};
		8E0EED79266FF02A00E16ADD /* dicee-app */ = {
			isa = PBXGroup;
			children = (
				8E0EED7A266FF02A00E16ADD /* AppDelegate.swift */,
				8E0EED7C266FF02A00E16ADD /* SceneDelegate.swift */,
				8E0EED7E266FF02A00E16ADD /* ViewController.swift */,
				8E0EED80266FF02A00E16ADD /* Main.storyboard */,
				8E0EED83266FF02B00E16ADD /* Assets.xcassets */,
				8E0EED85266FF02B00E16ADD /* LaunchScreen.storyboard */,
				8E0EED88266FF02B00E16ADD /* Info.plist */,
			);
			path = "dicee-app";
			sourceTree = "<group>";
		};
		8E0EED90266FF02B00E16ADD /* dicee-appTests */ = {
			isa = PBXGroup;
			children = (
				8E0EED91266FF02B00E16ADD /* dicee_appTests.swift */,
				8E0EED93266FF02B00E16ADD /* Info.plist */,
			);
			path = "dicee-appTests";
			sourceTree = "<group>";
		};
		8E0EED9B266FF02B00E16ADD /* dicee-appUITests */ = {
			isa = PBXGroup;
			children = (
				8E0EED9C266FF02B00E16ADD /* dicee_appUITests.swift */,
				8E0EED9E266FF02B00E16ADD /* Info.plist */,
			);
			path = "dicee-appUITests";
			sourceTree = "<group>";
		};
/* End PBXGroup section */

/* Begin PBXNativeTarget section */
		8E0EED76266FF02A00E16ADD /* dicee-app */ = {
			isa = PBXNativeTarget;
			buildConfigurationList = 8E0EEDA1266FF02B00E16ADD /* Build configuration list for PBXNativeTarget "dicee-app" */;
			buildPhases = (
				8E0EED73266FF02A00E16ADD /* Sources */,
				8E0EED74266FF02A00E16ADD /* Frameworks */,
				8E0EED75266FF02A00E16ADD /* Resources */,
			);
			buildRules = (
			);
			dependencies = (
			);
			name = "dicee-app";
			productName = "dicee-app";
			productReference = 8E0EED77266FF02A00E16ADD /* dicee-app.app */;
			productType = "com.apple.product-type.application";
		};
		8E0EED8C266FF02B00E16ADD /* dicee-appTests */ = {
			isa = PBXNativeTarget;
			buildConfigurationList = 8E0EEDA4266FF02B00E16ADD /* Build configuration list for PBXNativeTarget "dicee-appTests" */;
			buildPhases = (
				8E0EED89266FF02B00E16ADD /* Sources */,
				8E0EED8A266FF02B00E16ADD /* Frameworks */,
				8E0EED8B266FF02B00E16ADD /* Resources */,
			);
			buildRules = (
			);
			dependencies = (
				8E0EED8F266FF02B00E16ADD /* PBXTargetDependency */,
			);
			name = "dicee-appTests";
			productName = "dicee-appTests";
			productReference = 8E0EED8D266FF02B00E16ADD /* dicee-appTests.xctest */;
			productType = "com.apple.product-type.bundle.unit-test";
		};
		8E0EED97266FF02B00E16ADD /* dicee-appUITests */ = {
			isa = PBXNativeTarget;
			buildConfigurationList = 8E0EEDA7266FF02B00E16ADD /* Build configuration list for PBXNativeTarget "dicee-appUITests" */;
			buildPhases = (
				8E0EED94266FF02B00E16ADD /* Sources */,
				8E0EED95266FF02B00E16ADD /* Frameworks */,
				8E0EED96266FF02B00E16ADD /* Resources */,
			);
			buildRules = (
			);
			dependencies = (
				8E0EED9A266FF02B00E16ADD /* PBXTargetDependency */,
			);
			name = "dicee-appUITests";
			productName = "dicee-appUITests";
			productReference = 8E0EED98266FF02B00E16ADD /* dicee-appUITests.xctest */;
			productType = "com.apple.product-type.bundle.ui-testing";
		};
/* End PBXNativeTarget section */

/* Begin PBXProject section */
		8E0EED6F266FF02A00E16ADD /* Project object */ = {
			isa = PBXProject;
			attributes = {
				LastSwiftUpdateCheck = 1250;
				LastUpgradeCheck = 1250;
				TargetAttributes = {
					8E0EED76266FF02A00E16ADD = {
						CreatedOnToolsVersion = 12.5;
					};
					8E0EED8C266FF02B00E16ADD = {
						CreatedOnToolsVersion = 12.5;
						TestTargetID = 8E0EED76266FF02A00E16ADD;
					};
					8E0EED97266FF02B00E16ADD = {
						CreatedOnToolsVersion = 12.5;
						TestTargetID = 8E0EED76266FF02A00E16ADD;
					};
				};
			};
			buildConfigurationList = 8E0EED72266FF02A00E16ADD /* Build configuration list for PBXProject "dicee-app" */;
			compatibilityVersion = "Xcode 9.3";
			developmentRegion = en;
			hasScannedForEncodings = 0;
			knownRegions = (
				en,
				Base,
			);
			mainGroup = 8E0EED6E266FF02A00E16ADD;
			productRefGroup = 8E0EED78266FF02A00E16ADD /* Products */;
			projectDirPath = "";
			projectRoot = "";
			targets = (
				8E0EED76266FF02A00E16ADD /* dicee-app */,
				8E0EED8C266FF02B00E16ADD /* dicee-appTests */,
				8E0EED97266FF02B00E16ADD /* dicee-appUITests */,
			);
		};
/* End PBXProject section */

/* Begin PBXResourcesBuildPhase section */
		8E0EED75266FF02A00E16ADD /* Resources */ = {
			isa = PBXResourcesBuildPhase;
			buildActionMask = 2147483647;
			files = (
				8E0EED87266FF02B00E16ADD /* LaunchScreen.storyboard in Resources */,
				8E0EED84266FF02B00E16ADD /* Assets.xcassets in Resources */,
				8E0EED82266FF02A00E16ADD /* Main.storyboard in Resources */,
			);
			runOnlyForDeploymentPostprocessing = 0;
		};
		8E0EED8B266FF02B00E16ADD /* Resources */ = {
			isa = PBXResourcesBuildPhase;
			buildActionMask = 2147483647;
			files = (
			);
			runOnlyForDeploymentPostprocessing = 0;
		};
		8E0EED96266FF02B00E16ADD /* Resources */ = {
			isa = PBXResourcesBuildPhase;
			buildActionMask = 2147483647;
			files = (
			);
			runOnlyForDeploymentPostprocessing = 0;
		};
/* End PBXResourcesBuildPhase section */

/* Begin PBXSourcesBuildPhase section */
		8E0EED73266FF02A00E16ADD /* Sources */ = {
			isa = PBXSourcesBuildPhase;
			buildActionMask = 2147483647;
			files = (
				8E0EED7F266FF02A00E16ADD /* ViewController.swift in Sources */,
				8E0EED7B266FF02A00E16ADD /* AppDelegate.swift in Sources */,
				8E0EED7D266FF02A00E16ADD /* SceneDelegate.swift in Sources */,
			);
			runOnlyForDeploymentPostprocessing = 0;
		};
		8E0EED89266FF02B00E16ADD /* Sources */ = {
			isa = PBXSourcesBuildPhase;
			buildActionMask = 2147483647;
			files = (
				8E0EED92266FF02B00E16ADD /* dicee_appTests.swift in Sources */,
			);
			runOnlyForDeploymentPostprocessing = 0;
		};
		8E0EED94266FF02B00E16ADD /* Sources */ = {
			isa = PBXSourcesBuildPhase;
			buildActionMask = 2147483647;
			files = (
				8E0EED9D266FF02B00E16ADD /* dicee_appUITests.swift in Sources */,
			);
			runOnlyForDeploymentPostprocessing = 0;
		};
/* End PBXSourcesBuildPhase section */

/* Begin PBXTargetDependency section */
		8E0EED8F266FF02B00E16ADD /* PBXTargetDependency */ = {
			isa = PBXTargetDependency;
			target = 8E0EED76266FF02A00E16ADD /* dicee-app */;
			targetProxy = 8E0EED8E266FF02B00E16ADD /* PBXContainerItemProxy */;
		};
		8E0EED9A266FF02B00E16ADD /* PBXTargetDependency */ = {
			isa = PBXTargetDependency;
			target = 8E0EED76266FF02A00E16ADD /* dicee-app */;
			targetProxy = 8E0EED99266FF02B00E16ADD /* PBXContainerItemProxy */;
		};
/* End PBXTargetDependency section */

/* Begin PBXVariantGroup section */
		8E0EED80266FF02A00E16ADD /* Main.storyboard */ = {
			isa = PBXVariantGroup;
			children = (
				8E0EED81266FF02A00E16ADD /* Base */,
			);
			name = Main.storyboard;
			sourceTree = "<group>";
		};
		8E0EED85266FF02B00E16ADD /* LaunchScreen.storyboard */ = {
			isa = PBXVariantGroup;
			children = (
				8E0EED86266FF02B00E16ADD /* Base */,
			);
			name = LaunchScreen.storyboard;
			sourceTree = "<group>";
		};
/* End PBXVariantGroup section */

/* Begin XCBuildConfiguration section */
		8E0EED9F266FF02B00E16ADD /* Debug */ = {
			isa = XCBuildConfiguration;
			buildSettings = {
				ALWAYS_SEARCH_USER_PATHS = NO;
				CLANG_ANALYZER_NONNULL = YES;
				CLANG_ANALYZER_NUMBER_OBJECT_CONVERSION = YES_AGGRESSIVE;
				CLANG_CXX_LANGUAGE_STANDARD = "gnu++14";
				CLANG_CXX_LIBRARY = "libc++";
				CLANG_ENABLE_MODULES = YES;
				CLANG_ENABLE_OBJC_ARC = YES;
				CLANG_ENABLE_OBJC_WEAK = YES;
				CLANG_WARN_BLOCK_CAPTURE_AUTORELEASING = YES;
				CLANG_WARN_BOOL_CONVERSION = YES;
				CLANG_WARN_COMMA = YES;
				CLANG_WARN_CONSTANT_CONVERSION = YES;
				CLANG_WARN_DEPRECATED_OBJC_IMPLEMENTATIONS = YES;
				CLANG_WARN_DIRECT_OBJC_ISA_USAGE = YES_ERROR;
				CLANG_WARN_DOCUMENTATION_COMMENTS = YES;
				CLANG_WARN_EMPTY_BODY = YES;
				CLANG_WARN_ENUM_CONVERSION = YES;
				CLANG_WARN_INFINITE_RECURSION = YES;
				CLANG_WARN_INT_CONVERSION = YES;
				CLANG_WARN_NON_LITERAL_NULL_CONVERSION = YES;
				CLANG_WARN_OBJC_IMPLICIT_RETAIN_SELF = YES;
				CLANG_WARN_OBJC_LITERAL_CONVERSION = YES;
				CLANG_WARN_OBJC_ROOT_CLASS = YES_ERROR;
				CLANG_WARN_QUOTED_INCLUDE_IN_FRAMEWORK_HEADER = YES;
				CLANG_WARN_RANGE_LOOP_ANALYSIS = YES;
				CLANG_WARN_STRICT_PROTOTYPES = YES;
				CLANG_WARN_SUSPICIOUS_MOVE = YES;
				CLANG_WARN_UNGUARDED_AVAILABILITY = YES_AGGRESSIVE;
				CLANG_WARN_UNREACHABLE_CODE = YES;
				CLANG_WARN__DUPLICATE_METHOD_MATCH = YES;
				COPY_PHASE_STRIP = NO;
				DEBUG_INFORMATION_FORMAT = dwarf;
				ENABLE_STRICT_OBJC_MSGSEND = YES;
				ENABLE_TESTABILITY = YES;
				GCC_C_LANGUAGE_STANDARD = gnu11;
				GCC_DYNAMIC_NO_PIC = NO;
				GCC_NO_COMMON_BLOCKS = YES;
				GCC_OPTIMIZATION_LEVEL = 0;
				GCC_PREPROCESSOR_DEFINITIONS = (
					"DEBUG=1",
					"$(inherited)",
				);
				GCC_WARN_64_TO_32_BIT_CONVERSION = YES;
				GCC_WARN_ABOUT_RETURN_TYPE = YES_ERROR;
				GCC_WARN_UNDECLARED_SELECTOR = YES;
				GCC_WARN_UNINITIALIZED_AUTOS = YES_AGGRESSIVE;
				GCC_WARN_UNUSED_FUNCTION = YES;
				GCC_WARN_UNUSED_VARIABLE = YES;
				IPHONEOS_DEPLOYMENT_TARGET = 14.5;
				MTL_ENABLE_DEBUG_INFO = INCLUDE_SOURCE;
				MTL_FAST_MATH = YES;
				ONLY_ACTIVE_ARCH = YES;
				SDKROOT = iphoneos;
				SWIFT_ACTIVE_COMPILATION_CONDITIONS = DEBUG;
				SWIFT_OPTIMIZATION_LEVEL = "-Onone";
			};
			name = Debug;
		};
		8E0EEDA0266FF02B00E16ADD /* Release */ = {
			isa = XCBuildConfiguration;
			buildSettings = {
				ALWAYS_SEARCH_USER_PATHS = NO;
				CLANG_ANALYZER_NONNULL = YES;
				CLANG_ANALYZER_NUMBER_OBJECT_CONVERSION = YES_AGGRESSIVE;
				CLANG_CXX_LANGUAGE_STANDARD = "gnu++14";
				CLANG_CXX_LIBRARY = "libc++";
				CLANG_ENABLE_MODULES = YES;
				CLANG_ENABLE_OBJC_ARC = YES;
				CLANG_ENABLE_OBJC_WEAK = YES;
				CLANG_WARN_BLOCK_CAPTURE_AUTORELEASING = YES;
				CLANG_WARN_BOOL_CONVERSION = YES;
				CLANG_WARN_COMMA = YES;
				CLANG_WARN_CONSTANT_CONVERSION = YES;
				CLANG_WARN_DEPRECATED_OBJC_IMPLEMENTATIONS = YES;
				CLANG_WARN_DIRECT_OBJC_ISA_USAGE = YES_ERROR;
				CLANG_WARN_DOCUMENTATION_COMMENTS = YES;
				CLANG_WARN_EMPTY_BODY = YES;
				CLANG_WARN_ENUM_CONVERSION = YES;
				CLANG_WARN_INFINITE_RECURSION = YES;
				CLANG_WARN_INT_CONVERSION = YES;
				CLANG_WARN_NON_LITERAL_NULL_CONVERSION = YES;
				CLANG_WARN_OBJC_IMPLICIT_RETAIN_SELF = YES;
				CLANG_WARN_OBJC_LITERAL_CONVERSION = YES;
				CLANG_WARN_OBJC_ROOT_CLASS = YES_ERROR;
				CLANG_WARN_QUOTED_INCLUDE_IN_FRAMEWORK_HEADER = YES;
				CLANG_WARN_RANGE_LOOP_ANALYSIS = YES;
				CLANG_WARN_STRICT_PROTOTYPES = YES;
				CLANG_WARN_SUSPICIOUS_MOVE = YES;
				CLANG_WARN_UNGUARDED_AVAILABILITY = YES_AGGRESSIVE;
				CLANG_WARN_UNREACHABLE_CODE = YES;
				CLANG_WARN__DUPLICATE_METHOD_MATCH = YES;
				COPY_PHASE_STRIP = NO;
				DEBUG_INFORMATION_FORMAT = "dwarf-with-dsym";
				ENABLE_NS_ASSERTIONS = NO;
				ENABLE_STRICT_OBJC_MSGSEND = YES;
				GCC_C_LANGUAGE_STANDARD = gnu11;
				GCC_NO_COMMON_BLOCKS = YES;
				GCC_WARN_64_TO_32_BIT_CONVERSION = YES;
				GCC_WARN_ABOUT_RETURN_TYPE = YES_ERROR;
				GCC_WARN_UNDECLARED_SELECTOR = YES;
				GCC_WARN_UNINITIALIZED_AUTOS = YES_AGGRESSIVE;
				GCC_WARN_UNUSED_FUNCTION = YES;
				GCC_WARN_UNUSED_VARIABLE = YES;
				IPHONEOS_DEPLOYMENT_TARGET = 14.5;
				MTL_ENABLE_DEBUG_INFO = NO;
				MTL_FAST_MATH = YES;
				SDKROOT = iphoneos;
				SWIFT_COMPILATION_MODE = wholemodule;
				SWIFT_OPTIMIZATION_LEVEL = "-O";
				VALIDATE_PRODUCT = YES;
			};
			name = Release;
		};
		8E0EEDA2266FF02B00E16ADD /* Debug */ = {
			isa = XCBuildConfiguration;
			buildSettings = {
				ASSETCATALOG_COMPILER_APPICON_NAME = AppIcon;
				ASSETCATALOG_COMPILER_GLOBAL_ACCENT_COLOR_NAME = AccentColor;
				CODE_SIGN_STYLE = Automatic;
				INFOPLIST_FILE = "dicee-app/Info.plist";
				LD_RUNPATH_SEARCH_PATHS = (
					"$(inherited)",
					"@executable_path/Frameworks",
				);
				PRODUCT_BUNDLE_IDENTIFIER = "br.kell.dicee-app";
				PRODUCT_NAME = "$(TARGET_NAME)";
				SWIFT_VERSION = 5.0;
				TARGETED_DEVICE_FAMILY = "1,2";
			};
			name = Debug;
		};
		8E0EEDA3266FF02B00E16ADD /* Release */ = {
			isa = XCBuildConfiguration;
			buildSettings = {
				ASSETCATALOG_COMPILER_APPICON_NAME = AppIcon;
				ASSETCATALOG_COMPILER_GLOBAL_ACCENT_COLOR_NAME = AccentColor;
				CODE_SIGN_STYLE = Automatic;
				INFOPLIST_FILE = "dicee-app/Info.plist";
				LD_RUNPATH_SEARCH_PATHS = (
					"$(inherited)",
					"@executable_path/Frameworks",
				);
				PRODUCT_BUNDLE_IDENTIFIER = "br.kell.dicee-app";
				PRODUCT_NAME = "$(TARGET_NAME)";
				SWIFT_VERSION = 5.0;
				TARGETED_DEVICE_FAMILY = "1,2";
			};
			name = Release;
		};
		8E0EEDA5266FF02B00E16ADD /* Debug */ = {
			isa = XCBuildConfiguration;
			buildSettings = {
				ALWAYS_EMBED_SWIFT_STANDARD_LIBRARIES = YES;
				BUNDLE_LOADER = "$(TEST_HOST)";
				CODE_SIGN_STYLE = Automatic;
				INFOPLIST_FILE = "dicee-appTests/Info.plist";
				IPHONEOS_DEPLOYMENT_TARGET = 14.5;
				LD_RUNPATH_SEARCH_PATHS = (
					"$(inherited)",
					"@executable_path/Frameworks",
					"@loader_path/Frameworks",
				);
				PRODUCT_BUNDLE_IDENTIFIER = "br.kell.dicee-appTests";
				PRODUCT_NAME = "$(TARGET_NAME)";
				SWIFT_VERSION = 5.0;
				TARGETED_DEVICE_FAMILY = "1,2";
				TEST_HOST = "$(BUILT_PRODUCTS_DIR)/dicee-app.app/dicee-app";
			};
			name = Debug;
		};
		8E0EEDA6266FF02B00E16ADD /* Release */ = {
			isa = XCBuildConfiguration;
			buildSettings = {
				ALWAYS_EMBED_SWIFT_STANDARD_LIBRARIES = YES;
				BUNDLE_LOADER = "$(TEST_HOST)";
				CODE_SIGN_STYLE = Automatic;
				INFOPLIST_FILE = "dicee-appTests/Info.plist";
				IPHONEOS_DEPLOYMENT_TARGET = 14.5;
				LD_RUNPATH_SEARCH_PATHS = (
					"$(inherited)",
					"@executable_path/Frameworks",
					"@loader_path/Frameworks",
				);
				PRODUCT_BUNDLE_IDENTIFIER = "br.kell.dicee-appTests";
				PRODUCT_NAME = "$(TARGET_NAME)";
				SWIFT_VERSION = 5.0;
				TARGETED_DEVICE_FAMILY = "1,2";
				TEST_HOST = "$(BUILT_PRODUCTS_DIR)/dicee-app.app/dicee-app";
			};
			name = Release;
		};
		8E0EEDA8266FF02B00E16ADD /* Debug */ = {
			isa = XCBuildConfiguration;
			buildSettings = {
				ALWAYS_EMBED_SWIFT_STANDARD_LIBRARIES = YES;
				CODE_SIGN_STYLE = Automatic;
				INFOPLIST_FILE = "dicee-appUITests/Info.plist";
				LD_RUNPATH_SEARCH_PATHS = (
					"$(inherited)",
					"@executable_path/Frameworks",
					"@loader_path/Frameworks",
				);
				PRODUCT_BUNDLE_IDENTIFIER = "br.kell.dicee-appUITests";
				PRODUCT_NAME = "$(TARGET_NAME)";
				SWIFT_VERSION = 5.0;
				TARGETED_DEVICE_FAMILY = "1,2";
				TEST_TARGET_NAME = "dicee-app";
			};
			name = Debug;
		};
		8E0EEDA9266FF02B00E16ADD /* Release */ = {
			isa = XCBuildConfiguration;
			buildSettings = {
				ALWAYS_EMBED_SWIFT_STANDARD_LIBRARIES = YES;
				CODE_SIGN_STYLE = Automatic;
				INFOPLIST_FILE = "dicee-appUITests/Info.plist";
				LD_RUNPATH_SEARCH_PATHS = (
					"$(inherited)",
					"@executable_path/Frameworks",
					"@loader_path/Frameworks",
				);
				PRODUCT_BUNDLE_IDENTIFIER = "br.kell.dicee-appUITests";
				PRODUCT_NAME = "$(TARGET_NAME)";
				SWIFT_VERSION = 5.0;
				TARGETED_DEVICE_FAMILY = "1,2";
				TEST_TARGET_NAME = "dicee-app";
			};
			name = Release;
		};
/* End XCBuildConfiguration section */

/* Begin XCConfigurationList section */
		8E0EED72266FF02A00E16ADD /* Build configuration list for PBXProject "dicee-app" */ = {
			isa = XCConfigurationList;
			buildConfigurations = (
				8E0EED9F266FF02B00E16ADD /* Debug */,
				8E0EEDA0266FF02B00E16ADD /* Release */,
			);
			defaultConfigurationIsVisible = 0;
			defaultConfigurationName = Release;
		};
		8E0EEDA1266FF02B00E16ADD /* Build configuration list for PBXNativeTarget "dicee-app" */ = {
			isa = XCConfigurationList;
			buildConfigurations = (
				8E0EEDA2266FF02B00E16ADD /* Debug */,
				8E0EEDA3266FF02B00E16ADD /* Release */,
			);
			defaultConfigurationIsVisible = 0;
			defaultConfigurationName = Release;
		};
		8E0EEDA4266FF02B00E16ADD /* Build configuration list for PBXNativeTarget "dicee-appTests" */ = {
			isa = XCConfigurationList;
			buildConfigurations = (
				8E0EEDA5266FF02B00E16ADD /* Debug */,
				8E0EEDA6266FF02B00E16ADD /* Release */,
			);
			defaultConfigurationIsVisible = 0;
			defaultConfigurationName = Release;
		};
		8E0EEDA7266FF02B00E16ADD /* Build configuration list for PBXNativeTarget "dicee-appUITests" */ = {
			isa = XCConfigurationList;
			buildConfigurations = (
				8E0EEDA8266FF02B00E16ADD /* Debug */,
				8E0EEDA9266FF02B00E16ADD /* Release */,
			);
			defaultConfigurationIsVisible = 0;
			defaultConfigurationName = Release;
		};
/* End XCConfigurationList section */
	};
	rootObject = 8E0EED6F266FF02A00E16ADD /* Project object */;
}
